
Microsoft Visual Studio Solution File, Format Version 12.00
# Visual Studio 15
VisualStudioVersion = 15.0.27130.2027
MinimumVisualStudioVersion = 10.0.40219.1
Project("{FAE04EC0-301F-11D3-BF4B-00C04F79EFBC}") = "Movie", "Movie\Movie.csproj", "{4E1F7E60-777B-458D-BB9E-B200A62B879E}"
EndProject
Global
	GlobalSection(SolutionConfigurationPlatforms) = preSolution
		Debug|Any CPU = Debug|Any CPU
		Release|Any CPU = Release|Any CPU
	EndGlobalSection
	GlobalSection(ProjectConfigurationPlatforms) = postSolution
		{4E1F7E60-777B-458D-BB9E-B200A62B879E}.Debug|Any CPU.ActiveCfg = Debug|Any CPU
		{4E1F7E60-777B-458D-BB9E-B200A62B879E}.Debug|Any CPU.Build.0 = Debug|Any CPU
		{4E1F7E60-777B-458D-BB9E-B200A62B879E}.Release|Any CPU.ActiveCfg = Release|Any CPU
		{4E1F7E60-777B-458D-BB9E-B200A62B879E}.Release|Any CPU.Build.0 = Release|Any CPU
	EndGlobalSection
	GlobalSection(SolutionProperties) = preSolution
		HideSolutionNode = FALSE
	EndGlobalSection
	GlobalSection(ExtensibilityGlobals) = postSolution
		SolutionGuid = {1D3869EC-21AF-4C9E-B9A7-482EA4E06138}
	EndGlobalSection
EndGlobal
